{
  "name": "Tools",
  "lockfileVersion": 3,
  "requires": true,
  "packages": {
    "": {
      "dependencies": {
        "matplot": "^0.0.1-security"
      }
    },
    "node_modules/matplot": {
      "version": "0.0.1-security",
      "resolved": "https://registry.npmjs.org/matplot/-/matplot-0.0.1-security.tgz",
      "integrity": "sha512-p5he354mx1Eup97mwXl7nUUPVZUItv6E7CvsRahbowNHbC4nW2FKOrr+UvwF6MTHYIscBE4r9Dttn2J+uZ/pIQ=="
    }
  }
}
